// !$*UTF8*$!
{
	archiveVersion = 1;
	classes = {
	};
	objectVersion = 46;
	objects = {

/* Begin PBXBuildFile section */
		EB9BCE871DA32F0500FB786E /* AppDelegate.swift in Sources */ = {isa = PBXBuildFile; fileRef = EB9BCE861DA32F0500FB786E /* AppDelegate.swift */; };
		EB9BCE891DA32F0500FB786E /* ViewController.swift in Sources */ = {isa = PBXBuildFile; fileRef = EB9BCE881DA32F0500FB786E /* ViewController.swift */; };
		EB9BCE8C1DA32F0500FB786E /* Main.storyboard in Resources */ = {isa = PBXBuildFile; fileRef = EB9BCE8A1DA32F0500FB786E /* Main.storyboard */; };
		EB9BCE8F1DA32F0500FB786E /* Bandas.xcdatamodeld in Sources */ = {isa = PBXBuildFile; fileRef = EB9BCE8D1DA32F0500FB786E /* Bandas.xcdatamodeld */; };
		EB9BCE911DA32F0500FB786E /* Assets.xcassets in Resources */ = {isa = PBXBuildFile; fileRef = EB9BCE901DA32F0500FB786E /* Assets.xcassets */; };
		EB9BCE941DA32F0500FB786E /* LaunchScreen.storyboard in Resources */ = {isa = PBXBuildFile; fileRef = EB9BCE921DA32F0500FB786E /* LaunchScreen.storyboard */; };
/* End PBXBuildFile section */

/* Begin PBXFileReference section */
		EB9BCE831DA32F0500FB786E /* Bandas.app */ = {isa = PBXFileReference; explicitFileType = wrapper.application; includeInIndex = 0; path = Bandas.app; sourceTree = BUILT_PRODUCTS_DIR; };
		EB9BCE861DA32F0500FB786E /* AppDelegate.swift */ = {isa = PBXFileReference; lastKnownFileType = sourcecode.swift; path = AppDelegate.swift; sourceTree = "<group>"; };
		EB9BCE881DA32F0500FB786E /* ViewController.swift */ = {isa = PBXFileReference; lastKnownFileType = sourcecode.swift; path = ViewController.swift; sourceTree = "<group>"; };
		EB9BCE8B1DA32F0500FB786E /* Base */ = {isa = PBXFileReference; lastKnownFileType = file.storyboard; name = Base; path = Base.lproj/Main.storyboard; sourceTree = "<group>"; };
		EB9BCE8E1DA32F0500FB786E /* Bandas.xcdatamodel */ = {isa = PBXFileReference; lastKnownFileType = wrapper.xcdatamodel; path = Bandas.xcdatamodel; sourceTree = "<group>"; };
		EB9BCE901DA32F0500FB786E /* Assets.xcassets */ = {isa = PBXFileReference; lastKnownFileType = folder.assetcatalog; path = Assets.xcassets; sourceTree = "<group>"; };
		EB9BCE931DA32F0500FB786E /* Base */ = {isa = PBXFileReference; lastKnownFileType = file.storyboard; name = Base; path = Base.lproj/LaunchScreen.storyboard; sourceTree = "<group>"; };
		EB9BCE951DA32F0500FB786E /* Info.plist */ = {isa = PBXFileReference; lastKnownFileType = text.plist.xml; path = Info.plist; sourceTree = "<group>"; };
/* End PBXFileReference section */

/* Begin PBXFrameworksBuildPhase section */
		EB9BCE801DA32F0500FB786E /* Frameworks */ = {
			isa = PBXFrameworksBuildPhase;
			buildActionMask = 2147483647;
			files = (
			);
			runOnlyForDeploymentPostprocessing = 0;
		};
/* End PBXFrameworksBuildPhase section */

/* Begin PBXGroup section */
		EB9BCE7A1DA32F0500FB786E = {
			isa = PBXGroup;
			children = (
				EB9BCE851DA32F0500FB786E /* Bandas */,
				EB9BCE841DA32F0500FB786E /* Products */,
			);
			sourceTree = "<group>";
		};
		EB9BCE841DA32F0500FB786E /* Products */ = {
			isa = PBXGroup;
			children = (
				EB9BCE831DA32F0500FB786E /* Bandas.app */,
			);
			name = Products;
			sourceTree = "<group>";
		};
		EB9BCE851DA32F0500FB786E /* Bandas */ = {
			isa = PBXGroup;
			children = (
				EB9BCE861DA32F0500FB786E /* AppDelegate.swift */,
				EB9BCE881DA32F0500FB786E /* ViewController.swift */,
				EB9BCE8A1DA32F0500FB786E /* Main.storyboard */,
				EB9BCE901DA32F0500FB786E /* Assets.xcassets */,
				EB9BCE921DA32F0500FB786E /* LaunchScreen.storyboard */,
				EB9BCE951DA32F0500FB786E /* Info.plist */,
				EB9BCE8D1DA32F0500FB786E /* Bandas.xcdatamodeld */,
			);
			path = Bandas;
			sourceTree = "<group>";
		};
/* End PBXGroup section */

/* Begin PBXNativeTarget section */
		EB9BCE821DA32F0500FB786E /* Bandas */ = {
			isa = PBXNativeTarget;
			buildConfigurationList = EB9BCE981DA32F0500FB786E /* Build configuration list for PBXNativeTarget "Bandas" */;
			buildPhases = (
				EB9BCE7F1DA32F0500FB786E /* Sources */,
				EB9BCE801DA32F0500FB786E /* Frameworks */,
				EB9BCE811DA32F0500FB786E /* Resources */,
			);
			buildRules = (
			);
			dependencies = (
			);
			name = Bandas;
			productName = Bandas;
			productReference = EB9BCE831DA32F0500FB786E /* Bandas.app */;
			productType = "com.apple.product-type.application";
		};
/* End PBXNativeTarget section */

/* Begin PBXProject section */
		EB9BCE7B1DA32F0500FB786E /* Project object */ = {
			isa = PBXProject;
			attributes = {
				LastSwiftUpdateCheck = 0800;
				LastUpgradeCheck = 0800;
				ORGANIZATIONNAME = "Gaspar Teixeira";
				TargetAttributes = {
					EB9BCE821DA32F0500FB786E = {
						CreatedOnToolsVersion = 8.0;
						DevelopmentTeam = 66TFW9PS7V;
						ProvisioningStyle = Automatic;
					};
				};
			};
			buildConfigurationList = EB9BCE7E1DA32F0500FB786E /* Build configuration list for PBXProject "Bandas" */;
			compatibilityVersion = "Xcode 3.2";
			developmentRegion = English;
			hasScannedForEncodings = 0;
			knownRegions = (
				en,
				Base,
			);
			mainGroup = EB9BCE7A1DA32F0500FB786E;
			productRefGroup = EB9BCE841DA32F0500FB786E /* Products */;
			projectDirPath = "";
			projectRoot = "";
			targets = (
				EB9BCE821DA32F0500FB786E /* Bandas */,
			);
		};
/* End PBXProject section */

/* Begin PBXResourcesBuildPhase section */
		EB9BCE811DA32F0500FB786E /* Resources */ = {
			isa = PBXResourcesBuildPhase;
			buildActionMask = 2147483647;
			files = (
				EB9BCE941DA32F0500FB786E /* LaunchScreen.storyboard in Resources */,
				EB9BCE911DA32F0500FB786E /* Assets.xcassets in Resources */,
				EB9BCE8C1DA32F0500FB786E /* Main.storyboard in Resources */,
			);
			runOnlyForDeploymentPostprocessing = 0;
		};
/* End PBXResourcesBuildPhase section */

/* Begin PBXSourcesBuildPhase section */
		EB9BCE7F1DA32F0500FB786E /* Sources */ = {
			isa = PBXSourcesBuildPhase;
			buildActionMask = 2147483647;
			files = (
				EB9BCE8F1DA32F0500FB786E /* Bandas.xcdatamodeld in Sources */,
				EB9BCE891DA32F0500FB786E /* ViewController.swift in Sources */,
				EB9BCE871DA32F0500FB786E /* AppDelegate.swift in Sources */,
			);
			runOnlyForDeploymentPostprocessing = 0;
		};
/* End PBXSourcesBuildPhase section */

/* Begin PBXVariantGroup section */
		EB9BCE8A1DA32F0500FB786E /* Main.storyboard */ = {
			isa = PBXVariantGroup;
			children = (
				EB9BCE8B1DA32F0500FB786E /* Base */,
			);
			name = Main.storyboard;
			sourceTree = "<group>";
		};
		EB9BCE921DA32F0500FB786E /* LaunchScreen.storyboard */ = {
			isa = PBXVariantGroup;
			children = (
				EB9BCE931DA32F0500FB786E /* Base */,
			);
			name = LaunchScreen.storyboard;
			sourceTree = "<group>";
		};
/* End PBXVariantGroup section */

/* Begin XCBuildConfiguration section */
		EB9BCE961DA32F0500FB786E /* Debug */ = {
			isa = XCBuildConfiguration;
			buildSettings = {
				ALWAYS_SEARCH_USER_PATHS = NO;
				CLANG_ANALYZER_NONNULL = YES;
				CLANG_CXX_LANGUAGE_STANDARD = "gnu++0x";
				CLANG_CXX_LIBRARY = "libc++";
				CLANG_ENABLE_MODULES = YES;
				CLANG_ENABLE_OBJC_ARC = YES;
				CLANG_WARN_BOOL_CONVERSION = YES;
				CLANG_WARN_CONSTANT_CONVERSION = YES;
				CLANG_WARN_DIRECT_OBJC_ISA_USAGE = YES_ERROR;
				CLANG_WARN_DOCUMENTATION_COMMENTS = YES;
				CLANG_WARN_EMPTY_BODY = YES;
				CLANG_WARN_ENUM_CONVERSION = YES;
				CLANG_WARN_INFINITE_RECURSION = YES;
				CLANG_WARN_INT_CONVERSION = YES;
				CLANG_WARN_OBJC_ROOT_CLASS = YES_ERROR;
				CLANG_WARN_SUSPICIOUS_MOVES = YES;
				CLANG_WARN_UNREACHABLE_CODE = YES;
				CLANG_WARN__DUPLICATE_METHOD_MATCH = YES;
				"CODE_SIGN_IDENTITY[sdk=iphoneos*]" = "iPhone Developer";
				COPY_PHASE_STRIP = NO;
				DEBUG_INFORMATION_FORMAT = dwarf;
				ENABLE_STRICT_OBJC_MSGSEND = YES;
				ENABLE_TESTABILITY = YES;
				GCC_C_LANGUAGE_STANDARD = gnu99;
				GCC_DYNAMIC_NO_PIC = NO;
				GCC_NO_COMMON_BLOCKS = YES;
				GCC_OPTIMIZATION_LEVEL = 0;
				GCC_PREPROCESSOR_DEFINITIONS = (
					"DEBUG=1",
					"$(inherited)",
				);
				GCC_WARN_64_TO_32_BIT_CONVERSION = YES;
				GCC_WARN_ABOUT_RETURN_TYPE = YES_ERROR;
				GCC_WARN_UNDECLARED_SELECTOR = YES;
				GCC_WARN_UNINITIALIZED_AUTOS = YES_AGGRESSIVE;
				GCC_WARN_UNUSED_FUNCTION = YES;
				GCC_WARN_UNUSED_VARIABLE = YES;
				IPHONEOS_DEPLOYMENT_TARGET = 10.0;
				MTL_ENABLE_DEBUG_INFO = YES;
				ONLY_ACTIVE_ARCH = YES;
				SDKROOT = iphoneos;
				SWIFT_ACTIVE_COMPILATION_CONDITIONS = DEBUG;
				SWIFT_OPTIMIZATION_LEVEL = "-Onone";
			};
			name = Debug;
		};
		EB9BCE971DA32F0500FB786E /* Release */ = {
			isa = XCBuildConfiguration;
			buildSettings = {
				ALWAYS_SEARCH_USER_PATHS = NO;
				CLANG_ANALYZER_NONNULL = YES;
				CLANG_CXX_LANGUAGE_STANDARD = "gnu++0x";
				CLANG_CXX_LIBRARY = "libc++";
				CLANG_ENABLE_MODULES = YES;
				CLANG_ENABLE_OBJC_ARC = YES;
				CLANG_WARN_BOOL_CONVERSION = YES;
				CLANG_WARN_CONSTANT_CONVERSION = YES;
				CLANG_WARN_DIRECT_OBJC_ISA_USAGE = YES_ERROR;
				CLANG_WARN_DOCUMENTATION_COMMENTS = YES;
				CLANG_WARN_EMPTY_BODY = YES;
				CLANG_WARN_ENUM_CONVERSION = YES;
				CLANG_WARN_INFINITE_RECURSION = YES;
				CLANG_WARN_INT_CONVERSION = YES;
				CLANG_WARN_OBJC_ROOT_CLASS = YES_ERROR;
				CLANG_WARN_SUSPICIOUS_MOVES = YES;
				CLANG_WARN_UNREACHABLE_CODE = YES;
				CLANG_WARN__DUPLICATE_METHOD_MATCH = YES;
				"CODE_SIGN_IDENTITY[sdk=iphoneos*]" = "iPhone Developer";
				COPY_PHASE_STRIP = NO;
				DEBUG_INFORMATION_FORMAT = "dwarf-with-dsym";
				ENABLE_NS_ASSERTIONS = NO;
				ENABLE_STRICT_OBJC_MSGSEND = YES;
				GCC_C_LANGUAGE_STANDARD = gnu99;
				GCC_NO_COMMON_BLOCKS = YES;
				GCC_WARN_64_TO_32_BIT_CONVERSION = YES;
				GCC_WARN_ABOUT_RETURN_TYPE = YES_ERROR;
				GCC_WARN_UNDECLARED_SELECTOR = YES;
				GCC_WARN_UNINITIALIZED_AUTOS = YES_AGGRESSIVE;
				GCC_WARN_UNUSED_FUNCTION = YES;
				GCC_WARN_UNUSED_VARIABLE = YES;
				IPHONEOS_DEPLOYMENT_TARGET = 10.0;
				MTL_ENABLE_DEBUG_INFO = NO;
				SDKROOT = iphoneos;
				SWIFT_OPTIMIZATION_LEVEL = "-Owholemodule";
				VALIDATE_PRODUCT = YES;
			};
			name = Release;
		};
		EB9BCE991DA32F0500FB786E /* Debug */ = {
			isa = XCBuildConfiguration;
			buildSettings = {
				ASSETCATALOG_COMPILER_APPICON_NAME = AppIcon;
				DEVELOPMENT_TEAM = 66TFW9PS7V;
				INFOPLIST_FILE = Bandas/Info.plist;
				LD_RUNPATH_SEARCH_PATHS = "$(inherited) @executable_path/Frameworks";
				PRODUCT_BUNDLE_IDENTIFIER = com.senacrs.edm.gt.Bandas;
				PRODUCT_NAME = "$(TARGET_NAME)";
				SWIFT_VERSION = 3.0;
			};
			name = Debug;
		};
		EB9BCE9A1DA32F0500FB786E /* Release */ = {
			isa = XCBuildConfiguration;
			buildSettings = {
				ASSETCATALOG_COMPILER_APPICON_NAME = AppIcon;
				DEVELOPMENT_TEAM = 66TFW9PS7V;
				INFOPLIST_FILE = Bandas/Info.plist;
				LD_RUNPATH_SEARCH_PATHS = "$(inherited) @executable_path/Frameworks";
				PRODUCT_BUNDLE_IDENTIFIER = com.senacrs.edm.gt.Bandas;
				PRODUCT_NAME = "$(TARGET_NAME)";
				SWIFT_VERSION = 3.0;
			};
			name = Release;
		};
/* End XCBuildConfiguration section */

/* Begin XCConfigurationList section */
		EB9BCE7E1DA32F0500FB786E /* Build configuration list for PBXProject "Bandas" */ = {
			isa = XCConfigurationList;
			buildConfigurations = (
				EB9BCE961DA32F0500FB786E /* Debug */,
				EB9BCE971DA32F0500FB786E /* Release */,
			);
			defaultConfigurationIsVisible = 0;
			defaultConfigurationName = Release;
		};
		EB9BCE981DA32F0500FB786E /* Build configuration list for PBXNativeTarget "Bandas" */ = {
			isa = XCConfigurationList;
			buildConfigurations = (
				EB9BCE991DA32F0500FB786E /* Debug */,
				EB9BCE9A1DA32F0500FB786E /* Release */,
			);
			defaultConfigurationIsVisible = 0;
		};
/* End XCConfigurationList section */

/* Begin XCVersionGroup section */
		EB9BCE8D1DA32F0500FB786E /* Bandas.xcdatamodeld */ = {
			isa = XCVersionGroup;
			children = (
				EB9BCE8E1DA32F0500FB786E /* Bandas.xcdatamodel */,
			);
			currentVersion = EB9BCE8E1DA32F0500FB786E /* Bandas.xcdatamodel */;
			path = Bandas.xcdatamodeld;
			sourceTree = "<group>";
			versionGroupType = wrapper.xcdatamodel;
		};
/* End XCVersionGroup section */
	};
	rootObject = EB9BCE7B1DA32F0500FB786E /* Project object */;
}
